
Microsoft Visual Studio Solution File, Format Version 12.00
# Visual Studio Version 17
VisualStudioVersion = 17.3.32922.545
MinimumVisualStudioVersion = 10.0.40219.1
Project("{FAE04EC0-301F-11D3-BF4B-00C04F79EFBC}") = "BusTicket.web", "BusTicket.web\BusTicket.web.csproj", "{5D9CC99D-70C4-48F3-8640-6B0A6D9474F0}"
EndProject
Project("{FAE04EC0-301F-11D3-BF4B-00C04F79EFBC}") = "BusTickets.Models", "BusTickets.Models\BusTickets.Models.csproj", "{988E3566-83EB-4C25-9CED-0025590E253E}"
EndProject
Project("{FAE04EC0-301F-11D3-BF4B-00C04F79EFBC}") = "BusTicket.DataAcess", "BusTicket.DataAcess\BusTicket.DataAcess.csproj", "{6AA2678F-B61B-4AA0-A0EB-A2D5393A6183}"
EndProject
Global
	GlobalSection(SolutionConfigurationPlatforms) = preSolution
		Debug|Any CPU = Debug|Any CPU
		Release|Any CPU = Release|Any CPU
	EndGlobalSection
	GlobalSection(ProjectConfigurationPlatforms) = postSolution
		{5D9CC99D-70C4-48F3-8640-6B0A6D9474F0}.Debug|Any CPU.ActiveCfg = Debug|Any CPU
		{5D9CC99D-70C4-48F3-8640-6B0A6D9474F0}.Debug|Any CPU.Build.0 = Debug|Any CPU
		{5D9CC99D-70C4-48F3-8640-6B0A6D9474F0}.Release|Any CPU.ActiveCfg = Release|Any CPU
		{5D9CC99D-70C4-48F3-8640-6B0A6D9474F0}.Release|Any CPU.Build.0 = Release|Any CPU
		{988E3566-83EB-4C25-9CED-0025590E253E}.Debug|Any CPU.ActiveCfg = Debug|Any CPU
		{988E3566-83EB-4C25-9CED-0025590E253E}.Debug|Any CPU.Build.0 = Debug|Any CPU
		{988E3566-83EB-4C25-9CED-0025590E253E}.Release|Any CPU.ActiveCfg = Release|Any CPU
		{988E3566-83EB-4C25-9CED-0025590E253E}.Release|Any CPU.Build.0 = Release|Any CPU
		{6AA2678F-B61B-4AA0-A0EB-A2D5393A6183}.Debug|Any CPU.ActiveCfg = Debug|Any CPU
		{6AA2678F-B61B-4AA0-A0EB-A2D5393A6183}.Debug|Any CPU.Build.0 = Debug|Any CPU
		{6AA2678F-B61B-4AA0-A0EB-A2D5393A6183}.Release|Any CPU.ActiveCfg = Release|Any CPU
		{6AA2678F-B61B-4AA0-A0EB-A2D5393A6183}.Release|Any CPU.Build.0 = Release|Any CPU
	EndGlobalSection
	GlobalSection(SolutionProperties) = preSolution
		HideSolutionNode = FALSE
	EndGlobalSection
	GlobalSection(ExtensibilityGlobals) = postSolution
		SolutionGuid = {E63653FE-2BDD-4E95-8466-D063E54FEE75}
	EndGlobalSection
EndGlobal
